// !$*UTF8*$!
{
	archiveVersion = 1;
	classes = {
	};
	objectVersion = 46;
	objects = {

/* Begin PBXBuildFile section */
		630A8BE11C80C794005B3DD6 /* main.swift in Sources */ = {isa = PBXBuildFile; fileRef = 630A8BE01C80C794005B3DD6 /* main.swift */; };
		630A8BF51C80C7C7005B3DD6 /* DXUXMLElement.swift in Sources */ = {isa = PBXBuildFile; fileRef = 630A8BE81C80C7C7005B3DD6 /* DXUXMLElement.swift */; };
		630A8BF61C80C7C7005B3DD6 /* DXUXMLElementChained.swift in Sources */ = {isa = PBXBuildFile; fileRef = 630A8BE91C80C7C7005B3DD6 /* DXUXMLElementChained.swift */; };
		630A8BF71C80C7C7005B3DD6 /* DXUXMLElementType.swift in Sources */ = {isa = PBXBuildFile; fileRef = 630A8BEA1C80C7C7005B3DD6 /* DXUXMLElementType.swift */; };
		630A8BF81C80C7C7005B3DD6 /* DXUXMLParser.swift in Sources */ = {isa = PBXBuildFile; fileRef = 630A8BEB1C80C7C7005B3DD6 /* DXUXMLParser.swift */; };
		630A8BF91C80C7C7005B3DD6 /* DXUXMLValueType.swift in Sources */ = {isa = PBXBuildFile; fileRef = 630A8BEC1C80C7C7005B3DD6 /* DXUXMLValueType.swift */; };
		630A8BFA1C80C7C7005B3DD6 /* DXUXPath.swift in Sources */ = {isa = PBXBuildFile; fileRef = 630A8BED1C80C7C7005B3DD6 /* DXUXPath.swift */; };
		630A8BFB1C80C7C7005B3DD6 /* DXUXPathCompileError.swift in Sources */ = {isa = PBXBuildFile; fileRef = 630A8BEE1C80C7C7005B3DD6 /* DXUXPathCompileError.swift */; };
		630A8BFC1C80C7C7005B3DD6 /* DXUXPathInstruction.swift in Sources */ = {isa = PBXBuildFile; fileRef = 630A8BEF1C80C7C7005B3DD6 /* DXUXPathInstruction.swift */; };
		630A8BFD1C80C7C7005B3DD6 /* DXUXPathOperation.swift in Sources */ = {isa = PBXBuildFile; fileRef = 630A8BF01C80C7C7005B3DD6 /* DXUXPathOperation.swift */; };
		630A8BFE1C80C7C7005B3DD6 /* DXUXPathQuery.swift in Sources */ = {isa = PBXBuildFile; fileRef = 630A8BF11C80C7C7005B3DD6 /* DXUXPathQuery.swift */; };
		630A8BFF1C80C7C7005B3DD6 /* DXUXPathTokenType.swift in Sources */ = {isa = PBXBuildFile; fileRef = 630A8BF31C80C7C7005B3DD6 /* DXUXPathTokenType.swift */; };
/* End PBXBuildFile section */

/* Begin PBXCopyFilesBuildPhase section */
		630A8BDB1C80C794005B3DD6 /* CopyFiles */ = {
			isa = PBXCopyFilesBuildPhase;
			buildActionMask = 2147483647;
			dstPath = /usr/share/man/man1/;
			dstSubfolderSpec = 0;
			files = (
			);
			runOnlyForDeploymentPostprocessing = 1;
		};
/* End PBXCopyFilesBuildPhase section */

/* Begin PBXFileReference section */
		630A8BDD1C80C794005B3DD6 /* DavesXMLUtilities */ = {isa = PBXFileReference; explicitFileType = "compiled.mach-o.executable"; includeInIndex = 0; path = DavesXMLUtilities; sourceTree = BUILT_PRODUCTS_DIR; };
		630A8BE01C80C794005B3DD6 /* main.swift */ = {isa = PBXFileReference; lastKnownFileType = sourcecode.swift; path = main.swift; sourceTree = "<group>"; };
		630A8BE81C80C7C7005B3DD6 /* DXUXMLElement.swift */ = {isa = PBXFileReference; fileEncoding = 4; lastKnownFileType = sourcecode.swift; path = DXUXMLElement.swift; sourceTree = "<group>"; };
		630A8BE91C80C7C7005B3DD6 /* DXUXMLElementChained.swift */ = {isa = PBXFileReference; fileEncoding = 4; lastKnownFileType = sourcecode.swift; path = DXUXMLElementChained.swift; sourceTree = "<group>"; };
		630A8BEA1C80C7C7005B3DD6 /* DXUXMLElementType.swift */ = {isa = PBXFileReference; fileEncoding = 4; lastKnownFileType = sourcecode.swift; path = DXUXMLElementType.swift; sourceTree = "<group>"; };
		630A8BEB1C80C7C7005B3DD6 /* DXUXMLParser.swift */ = {isa = PBXFileReference; fileEncoding = 4; lastKnownFileType = sourcecode.swift; path = DXUXMLParser.swift; sourceTree = "<group>"; };
		630A8BEC1C80C7C7005B3DD6 /* DXUXMLValueType.swift */ = {isa = PBXFileReference; fileEncoding = 4; lastKnownFileType = sourcecode.swift; path = DXUXMLValueType.swift; sourceTree = "<group>"; };
		630A8BED1C80C7C7005B3DD6 /* DXUXPath.swift */ = {isa = PBXFileReference; fileEncoding = 4; lastKnownFileType = sourcecode.swift; path = DXUXPath.swift; sourceTree = "<group>"; };
		630A8BEE1C80C7C7005B3DD6 /* DXUXPathCompileError.swift */ = {isa = PBXFileReference; fileEncoding = 4; lastKnownFileType = sourcecode.swift; path = DXUXPathCompileError.swift; sourceTree = "<group>"; };
		630A8BEF1C80C7C7005B3DD6 /* DXUXPathInstruction.swift */ = {isa = PBXFileReference; fileEncoding = 4; lastKnownFileType = sourcecode.swift; path = DXUXPathInstruction.swift; sourceTree = "<group>"; };
		630A8BF01C80C7C7005B3DD6 /* DXUXPathOperation.swift */ = {isa = PBXFileReference; fileEncoding = 4; lastKnownFileType = sourcecode.swift; path = DXUXPathOperation.swift; sourceTree = "<group>"; };
		630A8BF11C80C7C7005B3DD6 /* DXUXPathQuery.swift */ = {isa = PBXFileReference; fileEncoding = 4; lastKnownFileType = sourcecode.swift; path = DXUXPathQuery.swift; sourceTree = "<group>"; };
		630A8BF31C80C7C7005B3DD6 /* DXUXPathTokenType.swift */ = {isa = PBXFileReference; fileEncoding = 4; lastKnownFileType = sourcecode.swift; path = DXUXPathTokenType.swift; sourceTree = "<group>"; };
/* End PBXFileReference section */

/* Begin PBXFrameworksBuildPhase section */
		630A8BDA1C80C794005B3DD6 /* Frameworks */ = {
			isa = PBXFrameworksBuildPhase;
			buildActionMask = 2147483647;
			files = (
			);
			runOnlyForDeploymentPostprocessing = 0;
		};
/* End PBXFrameworksBuildPhase section */

/* Begin PBXGroup section */
		630A8BD41C80C794005B3DD6 = {
			isa = PBXGroup;
			children = (
				630A8BDF1C80C794005B3DD6 /* DavesXMLUtilities */,
				630A8BDE1C80C794005B3DD6 /* Products */,
			);
			sourceTree = "<group>";
		};
		630A8BDE1C80C794005B3DD6 /* Products */ = {
			isa = PBXGroup;
			children = (
				630A8BDD1C80C794005B3DD6 /* DavesXMLUtilities */,
			);
			name = Products;
			sourceTree = "<group>";
		};
		630A8BDF1C80C794005B3DD6 /* DavesXMLUtilities */ = {
			isa = PBXGroup;
			children = (
				630A8BE01C80C794005B3DD6 /* main.swift */,
				630A8BE81C80C7C7005B3DD6 /* DXUXMLElement.swift */,
				630A8BE91C80C7C7005B3DD6 /* DXUXMLElementChained.swift */,
				630A8BEA1C80C7C7005B3DD6 /* DXUXMLElementType.swift */,
				630A8BEB1C80C7C7005B3DD6 /* DXUXMLParser.swift */,
				630A8BEC1C80C7C7005B3DD6 /* DXUXMLValueType.swift */,
				630A8BED1C80C7C7005B3DD6 /* DXUXPath.swift */,
				630A8BEE1C80C7C7005B3DD6 /* DXUXPathCompileError.swift */,
				630A8BEF1C80C7C7005B3DD6 /* DXUXPathInstruction.swift */,
				630A8BF01C80C7C7005B3DD6 /* DXUXPathOperation.swift */,
				630A8BF11C80C7C7005B3DD6 /* DXUXPathQuery.swift */,
				630A8BF31C80C7C7005B3DD6 /* DXUXPathTokenType.swift */,
			);
			path = DavesXMLUtilities;
			sourceTree = "<group>";
		};
/* End PBXGroup section */

/* Begin PBXNativeTarget section */
		630A8BDC1C80C794005B3DD6 /* DavesXMLUtilities */ = {
			isa = PBXNativeTarget;
			buildConfigurationList = 630A8BE41C80C794005B3DD6 /* Build configuration list for PBXNativeTarget "DavesXMLUtilities" */;
			buildPhases = (
				630A8BD91C80C794005B3DD6 /* Sources */,
				630A8BDA1C80C794005B3DD6 /* Frameworks */,
				630A8BDB1C80C794005B3DD6 /* CopyFiles */,
			);
			buildRules = (
			);
			dependencies = (
			);
			name = DavesXMLUtilities;
			productName = DavesXMLUtilities;
			productReference = 630A8BDD1C80C794005B3DD6 /* DavesXMLUtilities */;
			productType = "com.apple.product-type.tool";
		};
/* End PBXNativeTarget section */

/* Begin PBXProject section */
		630A8BD51C80C794005B3DD6 /* Project object */ = {
			isa = PBXProject;
			attributes = {
				LastSwiftUpdateCheck = 0720;
				LastUpgradeCheck = 0720;
				ORGANIZATIONNAME = "David Christensen";
				TargetAttributes = {
					630A8BDC1C80C794005B3DD6 = {
						CreatedOnToolsVersion = 7.2.1;
					};
				};
			};
			buildConfigurationList = 630A8BD81C80C794005B3DD6 /* Build configuration list for PBXProject "DavesXMLUtilities" */;
			compatibilityVersion = "Xcode 3.2";
			developmentRegion = English;
			hasScannedForEncodings = 0;
			knownRegions = (
				en,
			);
			mainGroup = 630A8BD41C80C794005B3DD6;
			productRefGroup = 630A8BDE1C80C794005B3DD6 /* Products */;
			projectDirPath = "";
			projectRoot = "";
			targets = (
				630A8BDC1C80C794005B3DD6 /* DavesXMLUtilities */,
			);
		};
/* End PBXProject section */

/* Begin PBXSourcesBuildPhase section */
		630A8BD91C80C794005B3DD6 /* Sources */ = {
			isa = PBXSourcesBuildPhase;
			buildActionMask = 2147483647;
			files = (
				630A8BF61C80C7C7005B3DD6 /* DXUXMLElementChained.swift in Sources */,
				630A8BFE1C80C7C7005B3DD6 /* DXUXPathQuery.swift in Sources */,
				630A8BF81C80C7C7005B3DD6 /* DXUXMLParser.swift in Sources */,
				630A8BFF1C80C7C7005B3DD6 /* DXUXPathTokenType.swift in Sources */,
				630A8BFC1C80C7C7005B3DD6 /* DXUXPathInstruction.swift in Sources */,
				630A8BF91C80C7C7005B3DD6 /* DXUXMLValueType.swift in Sources */,
				630A8BF51C80C7C7005B3DD6 /* DXUXMLElement.swift in Sources */,
				630A8BE11C80C794005B3DD6 /* main.swift in Sources */,
				630A8BFA1C80C7C7005B3DD6 /* DXUXPath.swift in Sources */,
				630A8BF71C80C7C7005B3DD6 /* DXUXMLElementType.swift in Sources */,
				630A8BFD1C80C7C7005B3DD6 /* DXUXPathOperation.swift in Sources */,
				630A8BFB1C80C7C7005B3DD6 /* DXUXPathCompileError.swift in Sources */,
			);
			runOnlyForDeploymentPostprocessing = 0;
		};
/* End PBXSourcesBuildPhase section */

/* Begin XCBuildConfiguration section */
		630A8BE21C80C794005B3DD6 /* Debug */ = {
			isa = XCBuildConfiguration;
			buildSettings = {
				ALWAYS_SEARCH_USER_PATHS = NO;
				CLANG_CXX_LANGUAGE_STANDARD = "gnu++0x";
				CLANG_CXX_LIBRARY = "libc++";
				CLANG_ENABLE_MODULES = YES;
				CLANG_ENABLE_OBJC_ARC = YES;
				CLANG_WARN_BOOL_CONVERSION = YES;
				CLANG_WARN_CONSTANT_CONVERSION = YES;
				CLANG_WARN_DIRECT_OBJC_ISA_USAGE = YES_ERROR;
				CLANG_WARN_EMPTY_BODY = YES;
				CLANG_WARN_ENUM_CONVERSION = YES;
				CLANG_WARN_INT_CONVERSION = YES;
				CLANG_WARN_OBJC_ROOT_CLASS = YES_ERROR;
				CLANG_WARN_UNREACHABLE_CODE = YES;
				CLANG_WARN__DUPLICATE_METHOD_MATCH = YES;
				CODE_SIGN_IDENTITY = "-";
				COPY_PHASE_STRIP = NO;
				DEBUG_INFORMATION_FORMAT = dwarf;
				ENABLE_STRICT_OBJC_MSGSEND = YES;
				ENABLE_TESTABILITY = YES;
				GCC_C_LANGUAGE_STANDARD = gnu99;
				GCC_DYNAMIC_NO_PIC = NO;
				GCC_NO_COMMON_BLOCKS = YES;
				GCC_OPTIMIZATION_LEVEL = 0;
				GCC_PREPROCESSOR_DEFINITIONS = (
					"DEBUG=1",
					"$(inherited)",
				);
				GCC_WARN_64_TO_32_BIT_CONVERSION = YES;
				GCC_WARN_ABOUT_RETURN_TYPE = YES_ERROR;
				GCC_WARN_UNDECLARED_SELECTOR = YES;
				GCC_WARN_UNINITIALIZED_AUTOS = YES_AGGRESSIVE;
				GCC_WARN_UNUSED_FUNCTION = YES;
				GCC_WARN_UNUSED_VARIABLE = YES;
				MACOSX_DEPLOYMENT_TARGET = 10.11;
				MTL_ENABLE_DEBUG_INFO = YES;
				ONLY_ACTIVE_ARCH = YES;
				SDKROOT = macosx;
				SWIFT_OPTIMIZATION_LEVEL = "-Onone";
			};
			name = Debug;
		};
		630A8BE31C80C794005B3DD6 /* Release */ = {
			isa = XCBuildConfiguration;
			buildSettings = {
				ALWAYS_SEARCH_USER_PATHS = NO;
				CLANG_CXX_LANGUAGE_STANDARD = "gnu++0x";
				CLANG_CXX_LIBRARY = "libc++";
				CLANG_ENABLE_MODULES = YES;
				CLANG_ENABLE_OBJC_ARC = YES;
				CLANG_WARN_BOOL_CONVERSION = YES;
				CLANG_WARN_CONSTANT_CONVERSION = YES;
				CLANG_WARN_DIRECT_OBJC_ISA_USAGE = YES_ERROR;
				CLANG_WARN_EMPTY_BODY = YES;
				CLANG_WARN_ENUM_CONVERSION = YES;
				CLANG_WARN_INT_CONVERSION = YES;
				CLANG_WARN_OBJC_ROOT_CLASS = YES_ERROR;
				CLANG_WARN_UNREACHABLE_CODE = YES;
				CLANG_WARN__DUPLICATE_METHOD_MATCH = YES;
				CODE_SIGN_IDENTITY = "-";
				COPY_PHASE_STRIP = NO;
				DEBUG_INFORMATION_FORMAT = "dwarf-with-dsym";
				ENABLE_NS_ASSERTIONS = NO;
				ENABLE_STRICT_OBJC_MSGSEND = YES;
				GCC_C_LANGUAGE_STANDARD = gnu99;
				GCC_NO_COMMON_BLOCKS = YES;
				GCC_WARN_64_TO_32_BIT_CONVERSION = YES;
				GCC_WARN_ABOUT_RETURN_TYPE = YES_ERROR;
				GCC_WARN_UNDECLARED_SELECTOR = YES;
				GCC_WARN_UNINITIALIZED_AUTOS = YES_AGGRESSIVE;
				GCC_WARN_UNUSED_FUNCTION = YES;
				GCC_WARN_UNUSED_VARIABLE = YES;
				MACOSX_DEPLOYMENT_TARGET = 10.11;
				MTL_ENABLE_DEBUG_INFO = NO;
				SDKROOT = macosx;
			};
			name = Release;
		};
		630A8BE51C80C794005B3DD6 /* Debug */ = {
			isa = XCBuildConfiguration;
			buildSettings = {
				PRODUCT_NAME = "$(TARGET_NAME)";
			};
			name = Debug;
		};
		630A8BE61C80C794005B3DD6 /* Release */ = {
			isa = XCBuildConfiguration;
			buildSettings = {
				PRODUCT_NAME = "$(TARGET_NAME)";
			};
			name = Release;
		};
/* End XCBuildConfiguration section */

/* Begin XCConfigurationList section */
		630A8BD81C80C794005B3DD6 /* Build configuration list for PBXProject "DavesXMLUtilities" */ = {
			isa = XCConfigurationList;
			buildConfigurations = (
				630A8BE21C80C794005B3DD6 /* Debug */,
				630A8BE31C80C794005B3DD6 /* Release */,
			);
			defaultConfigurationIsVisible = 0;
			defaultConfigurationName = Release;
		};
		630A8BE41C80C794005B3DD6 /* Build configuration list for PBXNativeTarget "DavesXMLUtilities" */ = {
			isa = XCConfigurationList;
			buildConfigurations = (
				630A8BE51C80C794005B3DD6 /* Debug */,
				630A8BE61C80C794005B3DD6 /* Release */,
			);
			defaultConfigurationIsVisible = 0;
		};
/* End XCConfigurationList section */
	};
	rootObject = 630A8BD51C80C794005B3DD6 /* Project object */;
}
